#MicroXplorer Configuration settings - do not modify
ADC1.Channel-10\#ChannelRegularConversion=ADC_CHANNEL_3
ADC1.Channel-11\#ChannelRegularConversion=ADC_CHANNEL_4
ADC1.Channel-2\#ChannelRegularConversion=ADC_CHANNEL_16
ADC1.Channel-3\#ChannelRegularConversion=ADC_CHANNEL_10
ADC1.Channel-4\#ChannelRegularConversion=ADC_CHANNEL_11
ADC1.Channel-5\#ChannelRegularConversion=ADC_CHANNEL_2
ADC1.Channel-6\#ChannelRegularConversion=ADC_CHANNEL_17
ADC1.Channel-7\#ChannelRegularConversion=ADC_CHANNEL_14
ADC1.Channel-8\#ChannelRegularConversion=ADC_CHANNEL_15
ADC1.Channel-9\#ChannelRegularConversion=ADC_CHANNEL_18
ADC1.ClockPrescaler=ADC_CLOCK_ASYNC_DIV2
ADC1.ContinuousConvMode=DISABLE
ADC1.ConversionDataManagement=ADC_CONVERSIONDATA_DMA_ONESHOT
ADC1.DiscontinuousConvMode=DISABLE
ADC1.EOCSelection=ADC_EOC_SEQ_CONV
ADC1.ExternalTrigConv=ADC_SOFTWARE_START
ADC1.ExternalTrigConvEdge=ADC_EXTERNALTRIGCONVEDGE_NONE
ADC1.IPParameters=Rank-2\#ChannelRegularConversion,Channel-2\#ChannelRegularConversion,SamplingTime-2\#ChannelRegularConversion,OffsetNumber-2\#ChannelRegularConversion,OffsetSignedSaturation-2\#ChannelRegularConversion,NbrOfConversionFlag,master,Rank-3\#ChannelRegularConversion,Channel-3\#ChannelRegularConversion,SamplingTime-3\#ChannelRegularConversion,OffsetNumber-3\#ChannelRegularConversion,OffsetSignedSaturation-3\#ChannelRegularConversion,Rank-4\#ChannelRegularConversion,Channel-4\#ChannelRegularConversion,SamplingTime-4\#ChannelRegularConversion,OffsetNumber-4\#ChannelRegularConversion,OffsetSignedSaturation-4\#ChannelRegularConversion,Rank-5\#ChannelRegularConversion,Channel-5\#ChannelRegularConversion,SamplingTime-5\#ChannelRegularConversion,OffsetNumber-5\#ChannelRegularConversion,OffsetSignedSaturation-5\#ChannelRegularConversion,Rank-6\#ChannelRegularConversion,Channel-6\#ChannelRegularConversion,SamplingTime-6\#ChannelRegularConversion,OffsetNumber-6\#ChannelRegularConversion,OffsetSignedSaturation-6\#ChannelRegularConversion,Rank-7\#ChannelRegularConversion,Channel-7\#ChannelRegularConversion,SamplingTime-7\#ChannelRegularConversion,OffsetNumber-7\#ChannelRegularConversion,OffsetSignedSaturation-7\#ChannelRegularConversion,Rank-8\#ChannelRegularConversion,Channel-8\#ChannelRegularConversion,SamplingTime-8\#ChannelRegularConversion,OffsetNumber-8\#ChannelRegularConversion,OffsetSignedSaturation-8\#ChannelRegularConversion,Rank-9\#ChannelRegularConversion,Channel-9\#ChannelRegularConversion,SamplingTime-9\#ChannelRegularConversion,OffsetNumber-9\#ChannelRegularConversion,OffsetSignedSaturation-9\#ChannelRegularConversion,Rank-10\#ChannelRegularConversion,Channel-10\#ChannelRegularConversion,SamplingTime-10\#ChannelRegularConversion,OffsetNumber-10\#ChannelRegularConversion,OffsetSignedSaturation-10\#ChannelRegularConversion,Rank-11\#ChannelRegularConversion,Channel-11\#ChannelRegularConversion,SamplingTime-11\#ChannelRegularConversion,OffsetNumber-11\#ChannelRegularConversion,OffsetSignedSaturation-11\#ChannelRegularConversion,NbrOfConversion,ClockPrescaler,EOCSelection,Overrun,ConversionDataManagement,Resolution,ScanConvMode,ContinuousConvMode,ExternalTrigConv,ExternalTrigConvEdge,DiscontinuousConvMode,LowPowerAutoWait
ADC1.LowPowerAutoWait=DISABLE
ADC1.NbrOfConversion=10
ADC1.NbrOfConversionFlag=1
ADC1.OffsetNumber-10\#ChannelRegularConversion=ADC_OFFSET_NONE
ADC1.OffsetNumber-11\#ChannelRegularConversion=ADC_OFFSET_NONE
ADC1.OffsetNumber-2\#ChannelRegularConversion=ADC_OFFSET_NONE
ADC1.OffsetNumber-3\#ChannelRegularConversion=ADC_OFFSET_NONE
ADC1.OffsetNumber-4\#ChannelRegularConversion=ADC_OFFSET_NONE
ADC1.OffsetNumber-5\#ChannelRegularConversion=ADC_OFFSET_NONE
ADC1.OffsetNumber-6\#ChannelRegularConversion=ADC_OFFSET_NONE
ADC1.OffsetNumber-7\#ChannelRegularConversion=ADC_OFFSET_NONE
ADC1.OffsetNumber-8\#ChannelRegularConversion=ADC_OFFSET_NONE
ADC1.OffsetNumber-9\#ChannelRegularConversion=ADC_OFFSET_NONE
ADC1.OffsetSignedSaturation-10\#ChannelRegularConversion=DISABLE
ADC1.OffsetSignedSaturation-11\#ChannelRegularConversion=DISABLE
ADC1.OffsetSignedSaturation-2\#ChannelRegularConversion=DISABLE
ADC1.OffsetSignedSaturation-3\#ChannelRegularConversion=DISABLE
ADC1.OffsetSignedSaturation-4\#ChannelRegularConversion=DISABLE
ADC1.OffsetSignedSaturation-5\#ChannelRegularConversion=DISABLE
ADC1.OffsetSignedSaturation-6\#ChannelRegularConversion=DISABLE
ADC1.OffsetSignedSaturation-7\#ChannelRegularConversion=DISABLE
ADC1.OffsetSignedSaturation-8\#ChannelRegularConversion=DISABLE
ADC1.OffsetSignedSaturation-9\#ChannelRegularConversion=DISABLE
ADC1.Overrun=ADC_OVR_DATA_PRESERVED
ADC1.Rank-10\#ChannelRegularConversion=9
ADC1.Rank-11\#ChannelRegularConversion=10
ADC1.Rank-2\#ChannelRegularConversion=1
ADC1.Rank-3\#ChannelRegularConversion=2
ADC1.Rank-4\#ChannelRegularConversion=3
ADC1.Rank-5\#ChannelRegularConversion=4
ADC1.Rank-6\#ChannelRegularConversion=5
ADC1.Rank-7\#ChannelRegularConversion=6
ADC1.Rank-8\#ChannelRegularConversion=7
ADC1.Rank-9\#ChannelRegularConversion=8
ADC1.Resolution=ADC_RESOLUTION_16B
ADC1.SamplingTime-10\#ChannelRegularConversion=ADC_SAMPLETIME_810CYCLES_5
ADC1.SamplingTime-11\#ChannelRegularConversion=ADC_SAMPLETIME_810CYCLES_5
ADC1.SamplingTime-2\#ChannelRegularConversion=ADC_SAMPLETIME_810CYCLES_5
ADC1.SamplingTime-3\#ChannelRegularConversion=ADC_SAMPLETIME_810CYCLES_5
ADC1.SamplingTime-4\#ChannelRegularConversion=ADC_SAMPLETIME_810CYCLES_5
ADC1.SamplingTime-5\#ChannelRegularConversion=ADC_SAMPLETIME_810CYCLES_5
ADC1.SamplingTime-6\#ChannelRegularConversion=ADC_SAMPLETIME_810CYCLES_5
ADC1.SamplingTime-7\#ChannelRegularConversion=ADC_SAMPLETIME_810CYCLES_5
ADC1.SamplingTime-8\#ChannelRegularConversion=ADC_SAMPLETIME_810CYCLES_5
ADC1.SamplingTime-9\#ChannelRegularConversion=ADC_SAMPLETIME_810CYCLES_5
ADC1.ScanConvMode=ADC_SCAN_ENABLE
ADC1.master=1
ADC3.Channel-0\#ChannelRegularConversion=ADC_CHANNEL_VREFINT
ADC3.Channel-1\#ChannelRegularConversion=ADC_CHANNEL_TEMPSENSOR
ADC3.ClockPrescaler=ADC_CLOCK_ASYNC_DIV2
ADC3.ContinuousConvMode=DISABLE
ADC3.ConversionDataManagement=ADC_CONVERSIONDATA_DR
ADC3.DiscontinuousConvMode=DISABLE
ADC3.EOCSelection=ADC_EOC_SEQ_CONV
ADC3.ExternalTrigConv=ADC_SOFTWARE_START
ADC3.ExternalTrigConvEdge=ADC_EXTERNALTRIGCONVEDGE_NONE
ADC3.IPParameters=Rank-0\#ChannelRegularConversion,Channel-0\#ChannelRegularConversion,SamplingTime-0\#ChannelRegularConversion,OffsetNumber-0\#ChannelRegularConversion,OffsetSignedSaturation-0\#ChannelRegularConversion,NbrOfConversionFlag,Rank-1\#ChannelRegularConversion,Channel-1\#ChannelRegularConversion,SamplingTime-1\#ChannelRegularConversion,OffsetNumber-1\#ChannelRegularConversion,OffsetSignedSaturation-1\#ChannelRegularConversion,NbrOfConversion,ClockPrescaler,EOCSelection,Overrun,ConversionDataManagement,Resolution,ScanConvMode,ContinuousConvMode,ExternalTrigConv,ExternalTrigConvEdge,DiscontinuousConvMode,LowPowerAutoWait
ADC3.LowPowerAutoWait=DISABLE
ADC3.NbrOfConversion=2
ADC3.NbrOfConversionFlag=1
ADC3.OffsetNumber-0\#ChannelRegularConversion=ADC_OFFSET_NONE
ADC3.OffsetNumber-1\#ChannelRegularConversion=ADC_OFFSET_NONE
ADC3.OffsetSignedSaturation-0\#ChannelRegularConversion=DISABLE
ADC3.OffsetSignedSaturation-1\#ChannelRegularConversion=DISABLE
ADC3.Overrun=ADC_OVR_DATA_PRESERVED
ADC3.Rank-0\#ChannelRegularConversion=1
ADC3.Rank-1\#ChannelRegularConversion=2
ADC3.Resolution=ADC_RESOLUTION_16B
ADC3.SamplingTime-0\#ChannelRegularConversion=ADC_SAMPLETIME_810CYCLES_5
ADC3.SamplingTime-1\#ChannelRegularConversion=ADC_SAMPLETIME_810CYCLES_5
ADC3.ScanConvMode=ADC_SCAN_ENABLE
CAD.formats=
CAD.pinconfig=
CAD.provider=
CORTEX_M7.AccessPermission_S-Cortex_Memory_Protection_Unit_Region1_Settings_S=MPU_REGION_NO_ACCESS
CORTEX_M7.AccessPermission_Spec=MPU_REGION_NO_ACCESS
CORTEX_M7.BaseAddress_S-Cortex_Memory_Protection_Unit_Region1_Settings_S=0x2001BF00
CORTEX_M7.BaseAddress_Spec=0x0
CORTEX_M7.CPU_DCache=Disabled
CORTEX_M7.CPU_ICache=Enabled
CORTEX_M7.DisableExec_S-Cortex_Memory_Protection_Unit_Region1_Settings_S=MPU_INSTRUCTION_ACCESS_DISABLE
CORTEX_M7.DisableExec_Spec=MPU_INSTRUCTION_ACCESS_DISABLE
CORTEX_M7.Enable_S-Cortex_Memory_Protection_Unit_Region1_Settings_S=MPU_REGION_ENABLE
CORTEX_M7.Enable_Spec=MPU_REGION_ENABLE
CORTEX_M7.IPParameters=default_mode_Activation,CPU_ICache,CPU_DCache,MPU_Control,Enable_Spec,BaseAddress_Spec,Size_Spec,SubRegionDisable_Spec,TypeExtField_Spec,AccessPermission_Spec,DisableExec_Spec,IsShareable_Spec,IsCacheable_Spec,IsBufferable_Spec,Enable_S-Cortex_Memory_Protection_Unit_Region1_Settings_S,BaseAddress_S-Cortex_Memory_Protection_Unit_Region1_Settings_S,Size_S-Cortex_Memory_Protection_Unit_Region1_Settings_S,SubRegionDisable_S-Cortex_Memory_Protection_Unit_Region1_Settings_S,TypeExtField_S-Cortex_Memory_Protection_Unit_Region1_Settings_S,AccessPermission_S-Cortex_Memory_Protection_Unit_Region1_Settings_S,DisableExec_S-Cortex_Memory_Protection_Unit_Region1_Settings_S,IsShareable_S-Cortex_Memory_Protection_Unit_Region1_Settings_S,IsCacheable_S-Cortex_Memory_Protection_Unit_Region1_Settings_S,IsBufferable_S-Cortex_Memory_Protection_Unit_Region1_Settings_S
CORTEX_M7.IsBufferable_S-Cortex_Memory_Protection_Unit_Region1_Settings_S=MPU_ACCESS_NOT_BUFFERABLE
CORTEX_M7.IsBufferable_Spec=MPU_ACCESS_NOT_BUFFERABLE
CORTEX_M7.IsCacheable_S-Cortex_Memory_Protection_Unit_Region1_Settings_S=MPU_ACCESS_NOT_CACHEABLE
CORTEX_M7.IsCacheable_Spec=MPU_ACCESS_NOT_CACHEABLE
CORTEX_M7.IsShareable_S-Cortex_Memory_Protection_Unit_Region1_Settings_S=MPU_ACCESS_NOT_SHAREABLE
CORTEX_M7.IsShareable_Spec=MPU_ACCESS_SHAREABLE
CORTEX_M7.MPU_Control=MPU_PRIVILEGED_DEFAULT
CORTEX_M7.Size_S-Cortex_Memory_Protection_Unit_Region1_Settings_S=MPU_REGION_SIZE_256B
CORTEX_M7.Size_Spec=MPU_REGION_SIZE_4GB
CORTEX_M7.SubRegionDisable_S-Cortex_Memory_Protection_Unit_Region1_Settings_S=0x0
CORTEX_M7.SubRegionDisable_Spec=0x87
CORTEX_M7.TypeExtField_S-Cortex_Memory_Protection_Unit_Region1_Settings_S=MPU_TEX_LEVEL0
CORTEX_M7.TypeExtField_Spec=MPU_TEX_LEVEL0
CORTEX_M7.default_mode_Activation=1
Dma.ADC1.0.Direction=DMA_PERIPH_TO_MEMORY
Dma.ADC1.0.EventEnable=DISABLE
Dma.ADC1.0.FIFOMode=DMA_FIFOMODE_DISABLE
Dma.ADC1.0.Instance=DMA1_Stream0
Dma.ADC1.0.MemDataAlignment=DMA_MDATAALIGN_HALFWORD
Dma.ADC1.0.MemInc=DMA_MINC_ENABLE
Dma.ADC1.0.Mode=DMA_NORMAL
Dma.ADC1.0.PeriphDataAlignment=DMA_PDATAALIGN_HALFWORD
Dma.ADC1.0.PeriphInc=DMA_PINC_DISABLE
Dma.ADC1.0.Polarity=HAL_DMAMUX_REQ_GEN_RISING
Dma.ADC1.0.Priority=DMA_PRIORITY_MEDIUM
Dma.ADC1.0.RequestNumber=1
Dma.ADC1.0.RequestParameters=Instance,Direction,PeriphInc,MemInc,PeriphDataAlignment,MemDataAlignment,Mode,Priority,FIFOMode,SignalID,Polarity,RequestNumber,SyncSignalID,SyncPolarity,SyncEnable,EventEnable,SyncRequestNumber
Dma.ADC1.0.SignalID=NONE
Dma.ADC1.0.SyncEnable=DISABLE
Dma.ADC1.0.SyncPolarity=HAL_DMAMUX_SYNC_NO_EVENT
Dma.ADC1.0.SyncRequestNumber=1
Dma.ADC1.0.SyncSignalID=NONE
Dma.Request0=ADC1
Dma.Request1=TIM6_UP
Dma.RequestsNb=2
Dma.TIM6_UP.1.Direction=DMA_MEMORY_TO_PERIPH
Dma.TIM6_UP.1.EventEnable=DISABLE
Dma.TIM6_UP.1.FIFOMode=DMA_FIFOMODE_DISABLE
Dma.TIM6_UP.1.Instance=DMA1_Stream1
Dma.TIM6_UP.1.MemDataAlignment=DMA_MDATAALIGN_WORD
Dma.TIM6_UP.1.MemInc=DMA_MINC_DISABLE
Dma.TIM6_UP.1.Mode=DMA_NORMAL
Dma.TIM6_UP.1.PeriphDataAlignment=DMA_PDATAALIGN_WORD
Dma.TIM6_UP.1.PeriphInc=DMA_PINC_DISABLE
Dma.TIM6_UP.1.Polarity=HAL_DMAMUX_REQ_GEN_RISING
Dma.TIM6_UP.1.Priority=DMA_PRIORITY_VERY_HIGH
Dma.TIM6_UP.1.RequestNumber=1
Dma.TIM6_UP.1.RequestParameters=Instance,Direction,PeriphInc,MemInc,PeriphDataAlignment,MemDataAlignment,Mode,Priority,FIFOMode,SignalID,Polarity,RequestNumber,SyncSignalID,SyncPolarity,SyncEnable,EventEnable,SyncRequestNumber
Dma.TIM6_UP.1.SignalID=NONE
Dma.TIM6_UP.1.SyncEnable=DISABLE
Dma.TIM6_UP.1.SyncPolarity=HAL_DMAMUX_SYNC_NO_EVENT
Dma.TIM6_UP.1.SyncRequestNumber=1
Dma.TIM6_UP.1.SyncSignalID=NONE
FATFS.BSP.number=1
FATFS.IPParameters=USE_DMA_CODE_SD
FATFS.USE_DMA_CODE_SD=1
FATFS0.BSP.STBoard=false
FATFS0.BSP.api=Unknown
FATFS0.BSP.component=
FATFS0.BSP.condition=
FATFS0.BSP.instance=PD3
FATFS0.BSP.ip=GPIO
FATFS0.BSP.mode=Input
FATFS0.BSP.name=Detect_SDIO
FATFS0.BSP.semaphore=
FATFS0.BSP.solution=PD3
File.Version=6
GPIO.groupedBy=Group By Peripherals
I2C1.Analog_Filter=I2C_ANALOGFILTER_ENABLE
I2C1.CustomTiming=Enabled
I2C1.I2C_Coeff_DF=0
I2C1.I2C_Speed_Mode=I2C_Standard
I2C1.IPParameters=Timing,I2C_Speed_Mode,NoStretchMode,I2C_Coeff_DF,CustomTiming,Analog_Filter
I2C1.NoStretchMode=I2C_NOSTRETCH_DISABLE
I2C1.Timing=0x30420F13
I2C2.Analog_Filter=I2C_ANALOGFILTER_ENABLE
I2C2.CustomTiming=Enabled
I2C2.I2C_Coeff_DF=0
I2C2.I2C_Speed_Mode=I2C_Standard
I2C2.IPParameters=Timing,I2C_Speed_Mode,I2C_Coeff_DF,NoStretchMode,CustomTiming,Analog_Filter
I2C2.NoStretchMode=I2C_NOSTRETCH_DISABLE
I2C2.Timing=0x30420F13
IWDG1.IPParameters=Prescaler,Window,Reload
IWDG1.Prescaler=IWDG_PRESCALER_64
IWDG1.Reload=999
IWDG1.Window=4095
KeepUserPlacement=false
MMTAppRegionsCount=0
MMTConfigApplied=false
MMTSectionSuffix=
Mcu.CPN=STM32H743ZIT6
Mcu.Family=STM32H7
Mcu.IP0=ADC1
Mcu.IP1=ADC3
Mcu.IP10=NVIC
Mcu.IP11=PWR
Mcu.IP12=RAMECC
Mcu.IP13=RCC
Mcu.IP14=RTC
Mcu.IP15=SDMMC1
Mcu.IP16=SPI2
Mcu.IP17=SPI3
Mcu.IP18=SYS
Mcu.IP19=TIM1
Mcu.IP2=CORTEX_M7
Mcu.IP20=TIM2
Mcu.IP21=TIM3
Mcu.IP22=TIM4
Mcu.IP23=TIM5
Mcu.IP24=TIM6
Mcu.IP25=TIM15
Mcu.IP26=UART4
Mcu.IP27=USART1
Mcu.IP28=USART3
Mcu.IP29=USART6
Mcu.IP3=DEBUG
Mcu.IP30=USB_DEVICE
Mcu.IP31=USB_OTG_FS
Mcu.IP4=DMA
Mcu.IP5=FATFS
Mcu.IP6=I2C1
Mcu.IP7=I2C2
Mcu.IP8=IWDG1
Mcu.IP9=MEMORYMAP
Mcu.IPNb=32
Mcu.Name=STM32H743ZITx
Mcu.Package=LQFP144
Mcu.Pin0=PE2
Mcu.Pin1=PE3
Mcu.Pin10=PH0-OSC_IN (PH0)
Mcu.Pin100=VP_RAMECC_VS_D3_1
Mcu.Pin101=VP_RTC_VS_RTC_Activate
Mcu.Pin102=VP_SYS_VS_Systick
Mcu.Pin103=VP_TIM1_VS_ClockSourceINT
Mcu.Pin104=VP_TIM2_VS_ClockSourceINT
Mcu.Pin105=VP_TIM3_VS_ClockSourceINT
Mcu.Pin106=VP_TIM4_VS_ClockSourceINT
Mcu.Pin107=VP_TIM5_VS_ClockSourceINT
Mcu.Pin108=VP_TIM6_VS_ClockSourceINT
Mcu.Pin109=VP_TIM6_VS_OPM
Mcu.Pin11=PH1-OSC_OUT (PH1)
Mcu.Pin110=VP_TIM15_VS_ClockSourceINT
Mcu.Pin111=VP_USB_DEVICE_VS_USB_DEVICE_CDC_FS
Mcu.Pin112=VP_MEMORYMAP_VS_MEMORYMAP
Mcu.Pin12=PC0
Mcu.Pin13=PC1
Mcu.Pin14=PC2_C
Mcu.Pin15=PC3_C
Mcu.Pin16=PA0
Mcu.Pin17=PA1
Mcu.Pin18=PA2
Mcu.Pin19=PA3
Mcu.Pin2=PE4
Mcu.Pin20=PA4
Mcu.Pin21=PA5
Mcu.Pin22=PA6
Mcu.Pin23=PA7
Mcu.Pin24=PC4
Mcu.Pin25=PC5
Mcu.Pin26=PB0
Mcu.Pin27=PB1
Mcu.Pin28=PB2
Mcu.Pin29=PF11
Mcu.Pin3=PE5
Mcu.Pin30=PF12
Mcu.Pin31=PF13
Mcu.Pin32=PF14
Mcu.Pin33=PG0
Mcu.Pin34=PG1
Mcu.Pin35=PE7
Mcu.Pin36=PE8
Mcu.Pin37=PE9
Mcu.Pin38=PE10
Mcu.Pin39=PE11
Mcu.Pin4=PE6
Mcu.Pin40=PE13
Mcu.Pin41=PE14
Mcu.Pin42=PE15
Mcu.Pin43=PB10
Mcu.Pin44=PB11
Mcu.Pin45=PB13
Mcu.Pin46=PB14
Mcu.Pin47=PB15
Mcu.Pin48=PD8
Mcu.Pin49=PD9
Mcu.Pin5=PC14-OSC32_IN (OSC32_IN)
Mcu.Pin50=PD10
Mcu.Pin51=PD11
Mcu.Pin52=PD12
Mcu.Pin53=PD13
Mcu.Pin54=PD14
Mcu.Pin55=PG2
Mcu.Pin56=PG4
Mcu.Pin57=PG5
Mcu.Pin58=PG6
Mcu.Pin59=PG8
Mcu.Pin6=PC15-OSC32_OUT (OSC32_OUT)
Mcu.Pin60=PC6
Mcu.Pin61=PC7
Mcu.Pin62=PC8
Mcu.Pin63=PC9
Mcu.Pin64=PA9
Mcu.Pin65=PA11
Mcu.Pin66=PA12
Mcu.Pin67=PA13 (JTMS/SWDIO)
Mcu.Pin68=PA14 (JTCK/SWCLK)
Mcu.Pin69=PA15 (JTDI)
Mcu.Pin7=PF0
Mcu.Pin70=PC10
Mcu.Pin71=PC11
Mcu.Pin72=PC12
Mcu.Pin73=PD0
Mcu.Pin74=PD1
Mcu.Pin75=PD2
Mcu.Pin76=PD3
Mcu.Pin77=PD4
Mcu.Pin78=PG9
Mcu.Pin79=PG10
Mcu.Pin8=PF1
Mcu.Pin80=PG11
Mcu.Pin81=PG12
Mcu.Pin82=PG13
Mcu.Pin83=PG14
Mcu.Pin84=PG15
Mcu.Pin85=PB3 (JTDO/TRACESWO)
Mcu.Pin86=PB4 (NJTRST)
Mcu.Pin87=PB6
Mcu.Pin88=PB7
Mcu.Pin89=PB8
Mcu.Pin9=PF2
Mcu.Pin90=PB9
Mcu.Pin91=PE1
Mcu.Pin92=VP_ADC3_TempSens_Input
Mcu.Pin93=VP_ADC3_Vref_Input
Mcu.Pin94=VP_FATFS_VS_SDIO
Mcu.Pin95=VP_IWDG1_VS_IWDG
Mcu.Pin96=VP_PWR_V_PVD_IN
Mcu.Pin97=VP_RAMECC_VS_D1_1
Mcu.Pin98=VP_RAMECC_VS_D1_4
Mcu.Pin99=VP_RAMECC_VS_D2_1
Mcu.PinsNb=113
Mcu.ThirdPartyNb=0
Mcu.UserConstants=
Mcu.UserName=STM32H743ZITx
MxCube.Version=6.17.0
MxDb.Version=DB.6.0.170
NVIC.BusFault_IRQn=true\:0\:0\:false\:false\:true\:false\:false\:false
NVIC.DMA1_Stream0_IRQn=true\:8\:0\:false\:false\:true\:false\:true\:true
NVIC.DMA1_Stream1_IRQn=true\:2\:0\:false\:false\:true\:false\:true\:true
NVIC.DebugMonitor_IRQn=true\:0\:0\:false\:false\:true\:false\:false\:false
NVIC.ECC_IRQn=true\:1\:0\:false\:false\:true\:false\:true\:true
NVIC.EXTI0_IRQn=true\:4\:0\:false\:false\:true\:false\:true\:true
NVIC.EXTI15_10_IRQn=true\:9\:0\:false\:false\:true\:false\:true\:true
NVIC.EXTI1_IRQn=true\:4\:0\:false\:false\:true\:false\:true\:true
NVIC.EXTI2_IRQn=true\:4\:0\:false\:false\:true\:false\:true\:true
NVIC.EXTI3_IRQn=true\:9\:0\:false\:false\:true\:false\:true\:true
NVIC.EXTI9_5_IRQn=true\:9\:0\:false\:false\:true\:false\:true\:true
NVIC.FLASH_IRQn=true\:1\:0\:false\:false\:true\:false\:true\:true
NVIC.ForceEnableDMAVector=true
NVIC.HardFault_IRQn=true\:0\:0\:false\:false\:true\:false\:false\:false
NVIC.MemoryManagement_IRQn=true\:0\:0\:false\:false\:true\:false\:false\:false
NVIC.NonMaskableInt_IRQn=true\:0\:0\:false\:false\:true\:false\:false\:false
NVIC.OTG_FS_IRQn=true\:7\:0\:false\:false\:true\:false\:true\:true
NVIC.PVD_AVD_IRQn=true\:0\:0\:false\:false\:true\:false\:true\:true
NVIC.PendSV_IRQn=true\:0\:0\:false\:false\:true\:false\:false\:false
NVIC.PriorityGroup=NVIC_PRIORITYGROUP_4
NVIC.SDMMC1_IRQn=true\:7\:0\:false\:false\:true\:false\:true\:true
NVIC.SVCall_IRQn=true\:0\:0\:false\:false\:true\:false\:false\:false
NVIC.SysTick_IRQn=true\:15\:0\:false\:false\:true\:false\:true\:false
NVIC.TIM2_IRQn=true\:3\:0\:false\:false\:true\:false\:true\:true
NVIC.TIM5_IRQn=true\:5\:0\:false\:false\:true\:false\:true\:true
NVIC.UART4_IRQn=true\:6\:0\:false\:false\:true\:false\:true\:true
NVIC.USART1_IRQn=true\:6\:0\:false\:false\:true\:false\:true\:true
NVIC.USART3_IRQn=true\:6\:0\:false\:false\:true\:false\:true\:true
NVIC.USART6_IRQn=true\:6\:0\:false\:false\:true\:false\:true\:true
NVIC.UsageFault_IRQn=true\:0\:0\:false\:false\:true\:false\:false\:false
PA0.GPIOParameters=GPIO_Label,PinAttribute
PA0.GPIO_Label=SENSE_3V3_SYS
PA0.Mode=IN16-Single-Ended
PA0.PinAttribute=Free
PA0.Signal=ADC1_INP16
PA1.GPIOParameters=GPIO_Label,PinAttribute
PA1.GPIO_Label=PYRO_ARMED_SENSE
PA1.Locked=true
PA1.Mode=IN17-Single-Ended
PA1.PinAttribute=Free
PA1.Signal=ADC1_INP17
PA11.GPIOParameters=GPIO_Speed,PinAttribute
PA11.GPIO_Speed=GPIO_SPEED_FREQ_VERY_HIGH
PA11.Mode=Device_Only
PA11.PinAttribute=Free
PA11.Signal=USB_OTG_FS_DM
PA12.GPIOParameters=GPIO_Speed,PinAttribute
PA12.GPIO_Speed=GPIO_SPEED_FREQ_VERY_HIGH
PA12.Mode=Device_Only
PA12.PinAttribute=Free
PA12.Signal=USB_OTG_FS_DP
PA13\ (JTMS/SWDIO).GPIOParameters=PinAttribute
PA13\ (JTMS/SWDIO).Mode=Serial_Wire
PA13\ (JTMS/SWDIO).PinAttribute=Free
PA13\ (JTMS/SWDIO).Signal=DEBUG_JTMS-SWDIO
PA14\ (JTCK/SWCLK).GPIOParameters=PinAttribute
PA14\ (JTCK/SWCLK).Mode=Serial_Wire
PA14\ (JTCK/SWCLK).PinAttribute=Free
PA14\ (JTCK/SWCLK).Signal=DEBUG_JTCK-SWCLK
PA15\ (JTDI).GPIOParameters=GPIO_Label,PinAttribute
PA15\ (JTDI).GPIO_Label=GNSS_PPS
PA15\ (JTDI).PinAttribute=Free
PA15\ (JTDI).Signal=S_TIM2_CH1_ETR
PA2.GPIOParameters=GPIO_Label,PinAttribute
PA2.GPIO_Label=PYRO_CONT1
PA2.PinAttribute=Free
PA2.Signal=ADCx_INP14
PA3.GPIOParameters=GPIO_Label,PinAttribute
PA3.GPIO_Label=PYRO_CONT2
PA3.PinAttribute=Free
PA3.Signal=ADCx_INP15
PA4.GPIOParameters=GPIO_Label,PinAttribute
PA4.GPIO_Label=PYRO_CONT3
PA4.PinAttribute=Free
PA4.Signal=ADCx_INP18
PA5.GPIOParameters=GPIO_Speed,PinState,GPIO_Label,PinAttribute
PA5.GPIO_Label=GPIO_OUT3
PA5.GPIO_Speed=GPIO_SPEED_FREQ_LOW
PA5.Locked=true
PA5.PinAttribute=Free
PA5.PinState=GPIO_PIN_RESET
PA5.Signal=GPIO_Output
PA6.GPIOParameters=GPIO_Label,PinAttribute
PA6.GPIO_Label=PYRO_CONT4
PA6.PinAttribute=Free
PA6.Signal=ADCx_INP3
PA7.GPIOParameters=GPIO_Speed,PinState,GPIO_Label,PinAttribute
PA7.GPIO_Label=GPIO_OUT4
PA7.GPIO_Speed=GPIO_SPEED_FREQ_LOW
PA7.Locked=true
PA7.PinAttribute=Free
PA7.PinState=GPIO_PIN_RESET
PA7.Signal=GPIO_Output
PA9.GPIOParameters=GPIO_Label,GPIO_ModeDefaultEXTI,PinAttribute
PA9.GPIO_Label=USB_VBUS
PA9.GPIO_ModeDefaultEXTI=GPIO_MODE_IT_RISING_FALLING
PA9.Locked=true
PA9.PinAttribute=Free
PA9.Signal=GPXTI9
PB0.GPIOParameters=GPIO_Speed,GPIO_Label,PinAttribute
PB0.GPIO_Label=PWM7
PB0.GPIO_Speed=GPIO_SPEED_FREQ_LOW
PB0.PinAttribute=Free
PB0.Signal=S_TIM3_CH3
PB1.GPIOParameters=GPIO_Speed,GPIO_Label,PinAttribute
PB1.GPIO_Label=PWM8
PB1.GPIO_Speed=GPIO_SPEED_FREQ_LOW
PB1.PinAttribute=Free
PB1.Signal=S_TIM3_CH4
PB10.GPIOParameters=GPIO_Speed,GPIO_PuPd,PinAttribute
PB10.GPIO_PuPd=GPIO_PULLUP
PB10.GPIO_Speed=GPIO_SPEED_FREQ_HIGH
PB10.Mode=Full_Duplex_Master
PB10.PinAttribute=Free
PB10.Signal=SPI2_SCK
PB11.GPIOParameters=GPIO_Speed,GPIO_PuPd,GPIO_Label,PinAttribute
PB11.GPIO_Label=LORA_RX
PB11.GPIO_PuPd=GPIO_PULLUP
PB11.GPIO_Speed=GPIO_SPEED_FREQ_LOW
PB11.Mode=Asynchronous
PB11.PinAttribute=Free
PB11.Signal=USART3_RX
PB13.GPIOParameters=GPIO_Speed,PinState,GPIO_Label,PinAttribute
PB13.GPIO_Label=BNO085_NRST
PB13.GPIO_Speed=GPIO_SPEED_FREQ_LOW
PB13.Locked=true
PB13.PinAttribute=Free
PB13.PinState=GPIO_PIN_RESET
PB13.Signal=GPIO_Output
PB14.GPIOParameters=GPIO_Speed,GPIO_Label,PinAttribute
PB14.GPIO_Label=GNSS_TX
PB14.GPIO_Speed=GPIO_SPEED_FREQ_LOW
PB14.Mode=Asynchronous
PB14.PinAttribute=Free
PB14.Signal=USART1_TX
PB15.GPIOParameters=GPIO_Speed,GPIO_PuPd,GPIO_Label,PinAttribute
PB15.GPIO_Label=GNSS_RX
PB15.GPIO_PuPd=GPIO_PULLUP
PB15.GPIO_Speed=GPIO_SPEED_FREQ_LOW
PB15.Mode=Asynchronous
PB15.PinAttribute=Free
PB15.Signal=USART1_RX
PB2.GPIOParameters=GPIO_Speed,PinAttribute
PB2.GPIO_Speed=GPIO_SPEED_FREQ_HIGH
PB2.Mode=Full_Duplex_Master
PB2.PinAttribute=Free
PB2.Signal=SPI3_MOSI
PB3\ (JTDO/TRACESWO).GPIOParameters=GPIO_Speed,GPIO_PuPd,PinAttribute
PB3\ (JTDO/TRACESWO).GPIO_PuPd=GPIO_PULLUP
PB3\ (JTDO/TRACESWO).GPIO_Speed=GPIO_SPEED_FREQ_HIGH
PB3\ (JTDO/TRACESWO).Mode=Full_Duplex_Master
PB3\ (JTDO/TRACESWO).PinAttribute=Free
PB3\ (JTDO/TRACESWO).Signal=SPI3_SCK
PB4\ (NJTRST).GPIOParameters=GPIO_Speed,PinAttribute
PB4\ (NJTRST).GPIO_Speed=GPIO_SPEED_FREQ_HIGH
PB4\ (NJTRST).Mode=Full_Duplex_Master
PB4\ (NJTRST).PinAttribute=Free
PB4\ (NJTRST).Signal=SPI3_MISO
PB6.GPIOParameters=GPIO_Speed,GPIO_Label,PinAttribute
PB6.GPIO_Label=LED_R
PB6.GPIO_Speed=GPIO_SPEED_FREQ_LOW
PB6.PinAttribute=Free
PB6.Signal=S_TIM4_CH1
PB7.GPIOParameters=GPIO_Speed,GPIO_Label,PinAttribute
PB7.GPIO_Label=LED_G
PB7.GPIO_Speed=GPIO_SPEED_FREQ_LOW
PB7.PinAttribute=Free
PB7.Signal=S_TIM4_CH2
PB8.GPIOParameters=GPIO_Speed,PinAttribute
PB8.GPIO_Speed=GPIO_SPEED_FREQ_LOW
PB8.Mode=I2C
PB8.PinAttribute=Free
PB8.Signal=I2C1_SCL
PB9.GPIOParameters=GPIO_Speed,PinAttribute
PB9.GPIO_Speed=GPIO_SPEED_FREQ_LOW
PB9.Mode=I2C
PB9.PinAttribute=Free
PB9.Signal=I2C1_SDA
PC0.GPIOParameters=GPIO_Label,PinAttribute
PC0.GPIO_Label=SENSE_8V4
PC0.PinAttribute=Free
PC0.Signal=ADCx_INP10
PC1.GPIOParameters=GPIO_Label,PinAttribute
PC1.GPIO_Label=SENSE_5V_SYS
PC1.PinAttribute=Free
PC1.Signal=ADCx_INP11
PC10.GPIOParameters=GPIO_Speed,PinAttribute
PC10.GPIO_Speed=GPIO_SPEED_FREQ_VERY_HIGH
PC10.Mode=SD_4_bits_Wide_bus
PC10.PinAttribute=Free
PC10.Signal=SDMMC1_D2
PC11.GPIOParameters=GPIO_Speed,PinAttribute
PC11.GPIO_Speed=GPIO_SPEED_FREQ_VERY_HIGH
PC11.Mode=SD_4_bits_Wide_bus
PC11.PinAttribute=Free
PC11.Signal=SDMMC1_D3
PC12.GPIOParameters=GPIO_Speed,PinAttribute
PC12.GPIO_Speed=GPIO_SPEED_FREQ_VERY_HIGH
PC12.Mode=SD_4_bits_Wide_bus
PC12.PinAttribute=Free
PC12.Signal=SDMMC1_CK
PC14-OSC32_IN\ (OSC32_IN).GPIOParameters=PinAttribute
PC14-OSC32_IN\ (OSC32_IN).Mode=LSE-External-Oscillator
PC14-OSC32_IN\ (OSC32_IN).PinAttribute=Free
PC14-OSC32_IN\ (OSC32_IN).Signal=RCC_OSC32_IN
PC15-OSC32_OUT\ (OSC32_OUT).GPIOParameters=PinAttribute
PC15-OSC32_OUT\ (OSC32_OUT).Mode=LSE-External-Oscillator
PC15-OSC32_OUT\ (OSC32_OUT).PinAttribute=Free
PC15-OSC32_OUT\ (OSC32_OUT).Signal=RCC_OSC32_OUT
PC2_C.GPIOParameters=GPIO_Speed,PinAttribute
PC2_C.GPIO_Speed=GPIO_SPEED_FREQ_HIGH
PC2_C.Mode=Full_Duplex_Master
PC2_C.PinAttribute=Free
PC2_C.Signal=SPI2_MISO
PC3_C.GPIOParameters=GPIO_Speed,PinAttribute
PC3_C.GPIO_Speed=GPIO_SPEED_FREQ_HIGH
PC3_C.Mode=Full_Duplex_Master
PC3_C.PinAttribute=Free
PC3_C.Signal=SPI2_MOSI
PC4.GPIOParameters=GPIO_Label,PinAttribute
PC4.GPIO_Label=PYRO_CONT5
PC4.PinAttribute=Free
PC4.Signal=ADCx_INP4
PC5.GPIOParameters=GPIO_Speed,PinState,GPIO_Label,PinAttribute
PC5.GPIO_Label=GPIO_OUT5
PC5.GPIO_Speed=GPIO_SPEED_FREQ_LOW
PC5.Locked=true
PC5.PinAttribute=Free
PC5.PinState=GPIO_PIN_RESET
PC5.Signal=GPIO_Output
PC6.GPIOParameters=GPIO_Speed,GPIO_Label,PinAttribute
PC6.GPIO_Label=PWM5
PC6.GPIO_Speed=GPIO_SPEED_FREQ_LOW
PC6.PinAttribute=Free
PC6.Signal=S_TIM3_CH1
PC7.GPIOParameters=GPIO_Speed,GPIO_Label,PinAttribute
PC7.GPIO_Label=PWM6
PC7.GPIO_Speed=GPIO_SPEED_FREQ_LOW
PC7.PinAttribute=Free
PC7.Signal=S_TIM3_CH2
PC8.GPIOParameters=GPIO_Speed,PinAttribute
PC8.GPIO_Speed=GPIO_SPEED_FREQ_VERY_HIGH
PC8.Mode=SD_4_bits_Wide_bus
PC8.PinAttribute=Free
PC8.Signal=SDMMC1_D0
PC9.GPIOParameters=GPIO_Speed,PinAttribute
PC9.GPIO_Speed=GPIO_SPEED_FREQ_VERY_HIGH
PC9.Mode=SD_4_bits_Wide_bus
PC9.PinAttribute=Free
PC9.Signal=SDMMC1_D1
PD0.GPIOParameters=GPIO_Speed,GPIO_PuPd,GPIO_Label,PinAttribute
PD0.GPIO_Label=EXT1_RX
PD0.GPIO_PuPd=GPIO_PULLUP
PD0.GPIO_Speed=GPIO_SPEED_FREQ_LOW
PD0.Mode=Asynchronous
PD0.PinAttribute=Free
PD0.Signal=UART4_RX
PD1.GPIOParameters=GPIO_Speed,GPIO_Label,PinAttribute
PD1.GPIO_Label=EXT1_TX
PD1.GPIO_Speed=GPIO_SPEED_FREQ_LOW
PD1.Mode=Asynchronous
PD1.PinAttribute=Free
PD1.Signal=UART4_TX
PD10.GPIOParameters=GPIO_Speed,PinState,GPIO_Label,PinAttribute
PD10.GPIO_Label=PYRO_FIRE2
PD10.GPIO_Speed=GPIO_SPEED_FREQ_LOW
PD10.Locked=true
PD10.PinAttribute=Free
PD10.PinState=GPIO_PIN_RESET
PD10.Signal=GPIO_Output
PD11.GPIOParameters=GPIO_Speed,PinState,GPIO_Label,PinAttribute
PD11.GPIO_Label=PYRO_FIRE3
PD11.GPIO_Speed=GPIO_SPEED_FREQ_LOW
PD11.Locked=true
PD11.PinAttribute=Free
PD11.PinState=GPIO_PIN_RESET
PD11.Signal=GPIO_Output
PD12.GPIOParameters=GPIO_Speed,PinState,GPIO_Label,PinAttribute
PD12.GPIO_Label=PYRO_FIRE4
PD12.GPIO_Speed=GPIO_SPEED_FREQ_LOW
PD12.Locked=true
PD12.PinAttribute=Free
PD12.PinState=GPIO_PIN_RESET
PD12.Signal=GPIO_Output
PD13.GPIOParameters=GPIO_Speed,PinState,GPIO_Label,PinAttribute
PD13.GPIO_Label=PYRO_FIRE5
PD13.GPIO_Speed=GPIO_SPEED_FREQ_LOW
PD13.Locked=true
PD13.PinAttribute=Free
PD13.PinState=GPIO_PIN_RESET
PD13.Signal=GPIO_Output
PD14.GPIOParameters=GPIO_Speed,GPIO_Label,PinAttribute
PD14.GPIO_Label=LED_B
PD14.GPIO_Speed=GPIO_SPEED_FREQ_LOW
PD14.PinAttribute=Free
PD14.Signal=S_TIM4_CH3
PD2.GPIOParameters=GPIO_Speed,PinAttribute
PD2.GPIO_Speed=GPIO_SPEED_FREQ_VERY_HIGH
PD2.Mode=SD_4_bits_Wide_bus
PD2.PinAttribute=Free
PD2.Signal=SDMMC1_CMD
PD3.GPIOParameters=GPIO_Label,GPIO_ModeDefaultEXTI,PinAttribute
PD3.GPIO_Label=SD_DET
PD3.GPIO_ModeDefaultEXTI=GPIO_MODE_IT_RISING_FALLING
PD3.Locked=true
PD3.PinAttribute=Free
PD3.Signal=GPXTI3
PD4.GPIOParameters=GPIO_Speed,PinState,GPIO_Label,PinAttribute
PD4.GPIO_Label=BLE_RESET_N
PD4.GPIO_Speed=GPIO_SPEED_FREQ_LOW
PD4.Locked=true
PD4.PinAttribute=Free
PD4.PinState=GPIO_PIN_RESET
PD4.Signal=GPIO_Output
PD8.GPIOParameters=GPIO_Speed,GPIO_Label,PinAttribute
PD8.GPIO_Label=LORA_TX
PD8.GPIO_Speed=GPIO_SPEED_FREQ_LOW
PD8.Mode=Asynchronous
PD8.PinAttribute=Free
PD8.Signal=USART3_TX
PD9.GPIOParameters=GPIO_Speed,PinState,GPIO_Label,PinAttribute
PD9.GPIO_Label=PYRO_FIRE1
PD9.GPIO_Speed=GPIO_SPEED_FREQ_LOW
PD9.Locked=true
PD9.PinAttribute=Free
PD9.PinState=GPIO_PIN_RESET
PD9.Signal=GPIO_Output
PE1.GPIOParameters=GPIO_PuPd,GPIO_Label,GPIO_ModeDefaultEXTI,PinAttribute
PE1.GPIO_Label=BLE_DTR
PE1.GPIO_ModeDefaultEXTI=GPIO_MODE_IT_RISING_FALLING
PE1.GPIO_PuPd=GPIO_PULLUP
PE1.Locked=true
PE1.PinAttribute=Free
PE1.Signal=GPXTI1
PE10.GPIOParameters=GPIO_Label,PinAttribute
PE10.GPIO_Label=GPIO_IN6
PE10.Locked=true
PE10.PinAttribute=Free
PE10.Signal=GPIO_Input
PE11.GPIOParameters=GPIO_Speed,GPIO_Label,PinAttribute
PE11.GPIO_Label=PWM2
PE11.GPIO_Speed=GPIO_SPEED_FREQ_LOW
PE11.PinAttribute=Free
PE11.Signal=S_TIM1_CH2
PE13.GPIOParameters=GPIO_Speed,GPIO_Label,PinAttribute
PE13.GPIO_Label=PWM3
PE13.GPIO_Speed=GPIO_SPEED_FREQ_LOW
PE13.PinAttribute=Free
PE13.Signal=S_TIM1_CH3
PE14.GPIOParameters=GPIO_Speed,GPIO_Label,PinAttribute
PE14.GPIO_Label=PWM4
PE14.GPIO_Speed=GPIO_SPEED_FREQ_LOW
PE14.PinAttribute=Free
PE14.Signal=S_TIM1_CH4
PE15.GPIOParameters=GPIO_PuPd,GPIO_Label,PinAttribute
PE15.GPIO_Label=GPIO_IN7
PE15.GPIO_PuPd=GPIO_PULLDOWN
PE15.Locked=true
PE15.PinAttribute=Free
PE15.Signal=GPIO_Input
PE2.GPIOParameters=GPIO_PuPd,GPIO_Label,PinAttribute
PE2.GPIO_Label=GPIO_IN1
PE2.GPIO_PuPd=GPIO_PULLDOWN
PE2.Locked=true
PE2.PinAttribute=Free
PE2.Signal=GPIO_Input
PE3.GPIOParameters=GPIO_PuPd,GPIO_Label,PinAttribute
PE3.GPIO_Label=GPIO_IN2
PE3.GPIO_PuPd=GPIO_PULLDOWN
PE3.Locked=true
PE3.PinAttribute=Free
PE3.Signal=GPIO_Input
PE4.GPIOParameters=GPIO_Speed,PinState,GPIO_Label,PinAttribute
PE4.GPIO_Label=GPIO_OUT2
PE4.GPIO_Speed=GPIO_SPEED_FREQ_LOW
PE4.Locked=true
PE4.PinAttribute=Free
PE4.PinState=GPIO_PIN_RESET
PE4.Signal=GPIO_Output
PE5.GPIOParameters=GPIO_Speed,GPIO_Label,PinAttribute
PE5.GPIO_Label=BUZZER_PWM_L
PE5.GPIO_Speed=GPIO_SPEED_FREQ_LOW
PE5.PinAttribute=Free
PE5.Signal=S_TIM15_CH1
PE6.GPIOParameters=GPIO_Speed,GPIO_Label,PinAttribute
PE6.GPIO_Label=BUZZER_PWM_H
PE6.GPIO_Speed=GPIO_SPEED_FREQ_LOW
PE6.PinAttribute=Free
PE6.Signal=S_TIM15_CH2
PE7.GPIOParameters=GPIO_Label,PinAttribute
PE7.GPIO_Label=GPIO_IN4
PE7.Locked=true
PE7.PinAttribute=Free
PE7.Signal=GPIO_Input
PE8.GPIOParameters=GPIO_Label,PinAttribute
PE8.GPIO_Label=GPIO_IN5
PE8.Locked=true
PE8.PinAttribute=Free
PE8.Signal=GPIO_Input
PE9.GPIOParameters=GPIO_Speed,GPIO_Label
PE9.GPIO_Label=PWM1
PE9.GPIO_Speed=GPIO_SPEED_FREQ_LOW
PE9.Signal=S_TIM1_CH1
PF0.GPIOParameters=GPIO_Speed,PinAttribute
PF0.GPIO_Speed=GPIO_SPEED_FREQ_LOW
PF0.Mode=I2C
PF0.PinAttribute=Free
PF0.Signal=I2C2_SDA
PF1.GPIOParameters=GPIO_Speed,PinAttribute
PF1.GPIO_Speed=GPIO_SPEED_FREQ_LOW
PF1.Mode=I2C
PF1.PinAttribute=Free
PF1.Signal=I2C2_SCL
PF11.GPIOParameters=GPIO_Label,PinAttribute
PF11.GPIO_Label=SENSE_VIN_PROT
PF11.Mode=IN2-Single-Ended
PF11.PinAttribute=Free
PF11.Signal=ADC1_INP2
PF12.GPIOParameters=GPIO_Label,GPIO_ModeDefaultEXTI,PinAttribute
PF12.GPIO_Label=EXT_SWITCH
PF12.GPIO_ModeDefaultEXTI=GPIO_MODE_IT_RISING_FALLING
PF12.Locked=true
PF12.PinAttribute=Free
PF12.Signal=GPXTI12
PF13.GPIOParameters=GPIO_Speed,PinState,GPIO_Label,PinAttribute
PF13.GPIO_Label=GPIO_OUT7
PF13.GPIO_Speed=GPIO_SPEED_FREQ_LOW
PF13.Locked=true
PF13.PinAttribute=Free
PF13.PinState=GPIO_PIN_RESET
PF13.Signal=GPIO_Output
PF14.GPIOParameters=GPIO_Speed,PinState,GPIO_Label,PinAttribute
PF14.GPIO_Label=GPIO_OUT6
PF14.GPIO_Speed=GPIO_SPEED_FREQ_LOW
PF14.Locked=true
PF14.PinAttribute=Free
PF14.PinState=GPIO_PIN_RESET
PF14.Signal=GPIO_Output
PF2.GPIOParameters=GPIO_Speed,PinState,GPIO_Label,PinAttribute
PF2.GPIO_Label=GPIO_OUT1
PF2.GPIO_Speed=GPIO_SPEED_FREQ_LOW
PF2.Locked=true
PF2.PinAttribute=Free
PF2.PinState=GPIO_PIN_RESET
PF2.Signal=GPIO_Output
PG0.GPIOParameters=GPIO_Label,GPIO_ModeDefaultEXTI,PinAttribute
PG0.GPIO_Label=BNO085_H_INTN
PG0.GPIO_ModeDefaultEXTI=GPIO_MODE_IT_FALLING
PG0.Locked=true
PG0.PinAttribute=Free
PG0.Signal=GPXTI0
PG1.GPIOParameters=GPIO_Label,PinAttribute
PG1.GPIO_Label=GPIO_IN3
PG1.Locked=true
PG1.PinAttribute=Free
PG1.Signal=GPIO_Input
PG10.GPIOParameters=GPIO_Speed,PinState,GPIO_Label,PinAttribute
PG10.GPIO_Label=CS_LSM6DSV16B
PG10.GPIO_Speed=GPIO_SPEED_FREQ_HIGH
PG10.Locked=true
PG10.PinAttribute=Free
PG10.PinState=GPIO_PIN_SET
PG10.Signal=GPIO_Output
PG11.GPIOParameters=GPIO_Speed,PinState,GPIO_Label,PinAttribute
PG11.GPIO_Label=CS_MMC5983
PG11.GPIO_Speed=GPIO_SPEED_FREQ_HIGH
PG11.Locked=true
PG11.PinAttribute=Free
PG11.PinState=GPIO_PIN_SET
PG11.Signal=GPIO_Output
PG12.GPIOParameters=GPIO_Speed,PinState,GPIO_Label,PinAttribute
PG12.GPIO_Label=CS_ADXL375
PG12.GPIO_Speed=GPIO_SPEED_FREQ_HIGH
PG12.Locked=true
PG12.PinAttribute=Free
PG12.PinState=GPIO_PIN_SET
PG12.Signal=GPIO_Output
PG13.GPIOParameters=GPIO_Speed,PinState,GPIO_Label,PinAttribute
PG13.GPIO_Label=CS_SPI_EXT
PG13.GPIO_Speed=GPIO_SPEED_FREQ_LOW
PG13.Locked=true
PG13.PinAttribute=Free
PG13.PinState=GPIO_PIN_SET
PG13.Signal=GPIO_Output
PG14.GPIOParameters=GPIO_Speed,GPIO_Label,PinAttribute
PG14.GPIO_Label=BLE_TX
PG14.GPIO_Speed=GPIO_SPEED_FREQ_LOW
PG14.Mode=Asynchronous
PG14.PinAttribute=Free
PG14.Signal=USART6_TX
PG15.GPIOParameters=GPIO_Speed,GPIO_Label,PinAttribute
PG15.GPIO_Label=BLE_CTS
PG15.GPIO_Speed=GPIO_SPEED_FREQ_LOW
PG15.Mode=CTS_RTS
PG15.PinAttribute=Free
PG15.Signal=USART6_CTS
PG2.GPIOParameters=GPIO_Label,GPIO_ModeDefaultEXTI,PinAttribute
PG2.GPIO_Label=LSM6_INT1
PG2.GPIO_ModeDefaultEXTI=GPIO_MODE_IT_RISING
PG2.Locked=true
PG2.PinAttribute=Free
PG2.Signal=GPXTI2
PG4.GPIOParameters=GPIO_Speed,PinState,GPIO_Label,PinAttribute
PG4.GPIO_Label=BLE_SWITCH2
PG4.GPIO_Speed=GPIO_SPEED_FREQ_LOW
PG4.Locked=true
PG4.PinAttribute=Free
PG4.PinState=GPIO_PIN_SET
PG4.Signal=GPIO_Output
PG5.GPIOParameters=GPIO_Speed,PinState,GPIO_Label,PinAttribute
PG5.GPIO_Label=BLE_SWITCH1
PG5.GPIO_Speed=GPIO_SPEED_FREQ_LOW
PG5.Locked=true
PG5.PinAttribute=Free
PG5.PinState=GPIO_PIN_SET
PG5.Signal=GPIO_Output
PG6.GPIOParameters=GPIO_Speed,PinState,GPIO_Label,PinAttribute
PG6.GPIO_Label=BLE_DSR
PG6.GPIO_Speed=GPIO_SPEED_FREQ_LOW
PG6.Locked=true
PG6.PinAttribute=Free
PG6.PinState=GPIO_PIN_RESET
PG6.Signal=GPIO_Output
PG8.GPIOParameters=GPIO_Speed,GPIO_Label,PinAttribute
PG8.GPIO_Label=BLE_RTS
PG8.GPIO_Speed=GPIO_SPEED_FREQ_LOW
PG8.Mode=CTS_RTS
PG8.PinAttribute=Free
PG8.Signal=USART6_RTS
PG9.GPIOParameters=GPIO_Speed,GPIO_PuPd,GPIO_Label,PinAttribute
PG9.GPIO_Label=BLE_RX
PG9.GPIO_PuPd=GPIO_PULLUP
PG9.GPIO_Speed=GPIO_SPEED_FREQ_LOW
PG9.Mode=Asynchronous
PG9.PinAttribute=Free
PG9.Signal=USART6_RX
PH0-OSC_IN\ (PH0).GPIOParameters=PinAttribute
PH0-OSC_IN\ (PH0).Mode=HSE-External-Oscillator
PH0-OSC_IN\ (PH0).PinAttribute=Free
PH0-OSC_IN\ (PH0).Signal=RCC_OSC_IN
PH1-OSC_OUT\ (PH1).GPIOParameters=PinAttribute
PH1-OSC_OUT\ (PH1).Mode=HSE-External-Oscillator
PH1-OSC_OUT\ (PH1).PinAttribute=Free
PH1-OSC_OUT\ (PH1).Signal=RCC_OSC_OUT
PWR.IPParameters=PVDLevel,Mode
PWR.Mode=PWR_PVD_MODE_IT_RISING_FALLING
PWR.PVDLevel=PWR_PVDLEVEL_6
PinOutPanel.RotationAngle=-90
ProjectManager.AskForMigrate=true
ProjectManager.BackupPrevious=false
ProjectManager.CompilerLinker=GCC
ProjectManager.CompilerOptimize=6
ProjectManager.ComputerToolchain=false
ProjectManager.CoupleFile=false
ProjectManager.CustomerFirmwarePackage=
ProjectManager.DefaultFWLocation=true
ProjectManager.DeletePrevious=false
ProjectManager.DeviceId=STM32H743ZITx
ProjectManager.FirmwarePackage=STM32Cube FW_H7 V1.13.0
ProjectManager.FreePins=false
ProjectManager.FreePinsContext=
ProjectManager.HalAssertFull=false
ProjectManager.HeapSize=0x0
ProjectManager.KeepUserCode=true
ProjectManager.LastFirmware=true
ProjectManager.LibraryCopy=1
ProjectManager.MainLocation=Core/Src
ProjectManager.NoMain=false
ProjectManager.PreviousToolchain=
ProjectManager.ProjectBuild=false
ProjectManager.ProjectFileName=Atlas.ioc
ProjectManager.ProjectName=Atlas
ProjectManager.ProjectStructure=
ProjectManager.RegisterCallBack=
ProjectManager.StackSize=0x4000
ProjectManager.TargetToolchain=CMake
ProjectManager.ToolChainLocation=
ProjectManager.UAScriptAfterPath=
ProjectManager.UAScriptBeforePath=
ProjectManager.UnderRoot=false
ProjectManager.functionlistsort=1-SystemClock_Config-RCC-false-HAL-false,2-MX_GPIO_Init-GPIO-false-HAL-true,3-MX_DMA_Init-DMA-false-HAL-true,4-MX_ADC1_Init-ADC1-false-HAL-true,5-MX_I2C1_Init-I2C1-false-HAL-true,6-MX_I2C2_Init-I2C2-false-HAL-true,7-MX_SDMMC1_SD_Init-SDMMC1-true-HAL-true,8-MX_SPI2_Init-SPI2-false-HAL-true,9-MX_SPI3_Init-SPI3-false-HAL-true,10-MX_TIM1_Init-TIM1-false-HAL-true,11-MX_TIM2_Init-TIM2-false-HAL-true,12-MX_TIM3_Init-TIM3-false-HAL-true,13-MX_TIM4_Init-TIM4-false-HAL-true,14-MX_TIM5_Init-TIM5-false-HAL-true,15-MX_TIM15_Init-TIM15-false-HAL-true,16-MX_UART4_Init-UART4-false-HAL-true,17-MX_USART1_UART_Init-USART1-false-HAL-true,18-MX_USART3_UART_Init-USART3-false-HAL-true,19-MX_USART6_UART_Init-USART6-false-HAL-true,20-MX_ADC3_Init-ADC3-false-HAL-true,21-MX_IWDG1_Init-IWDG1-false-HAL-true,22-MX_RAMECC_Init-RAMECC-false-HAL-true,23-MX_RTC_Init-RTC-false-HAL-true,24-MX_TIM6_Init-TIM6-false-HAL-true,25-MX_FATFS_Init-FATFS-false-HAL-false,26-MX_USB_DEVICE_Init-USB_DEVICE-true-HAL-false,0-MX_CORTEX_M7_Init-CORTEX_M7-false-HAL-true,0-MX_PWR_Init-PWR-false-HAL-true
RAMECC.IPParameters=Instance-RAMECC1_Monitor1,Instance-RAMECC1_Monitor4,Instance-RAMECC2_Monitor1,Instance-RAMECC3_Monitor1
RAMECC.Instance-RAMECC1_Monitor1=RAMECC1_Monitor1
RAMECC.Instance-RAMECC1_Monitor4=RAMECC1_Monitor4
RAMECC.Instance-RAMECC2_Monitor1=RAMECC2_Monitor1
RAMECC.Instance-RAMECC3_Monitor1=RAMECC3_Monitor1
RCC.ADCCLockSelection=RCC_ADCCLKSOURCE_PLL2
RCC.ADCFreq_Value=50000000
RCC.AHB12Freq_Value=100000000
RCC.AHB4Freq_Value=100000000
RCC.APB1Freq_Value=50000000
RCC.APB2Freq_Value=50000000
RCC.APB3Freq_Value=50000000
RCC.APB4Freq_Value=50000000
RCC.AXIClockFreq_Value=100000000
RCC.CECFreq_Value=32000
RCC.CKPERFreq_Value=64000000
RCC.CortexFreq_Value=200000000
RCC.CpuClockFreq_Value=200000000
RCC.D1CPRE=RCC_SYSCLK_DIV1
RCC.D1CPREFreq_Value=200000000
RCC.D1PPRE=RCC_APB3_DIV2
RCC.D2PPRE1=RCC_APB1_DIV2
RCC.D2PPRE2=RCC_APB2_DIV2
RCC.D3PPRE=RCC_APB4_DIV2
RCC.DFSDMACLkFreq_Value=100000000
RCC.DFSDMFreq_Value=50000000
RCC.DIVM1=2
RCC.DIVM2=2
RCC.DIVM3=2
RCC.DIVN1=100
RCC.DIVN2=100
RCC.DIVN3=96
RCC.DIVP1=2
RCC.DIVP1Freq_Value=200000000
RCC.DIVP2=8
RCC.DIVP2Freq_Value=50000000
RCC.DIVP3=8
RCC.DIVP3Freq_Value=48000000
RCC.DIVQ1=4
RCC.DIVQ1Freq_Value=100000000
RCC.DIVQ2=8
RCC.DIVQ2Freq_Value=50000000
RCC.DIVQ3=8
RCC.DIVQ3Freq_Value=48000000
RCC.DIVR1=4
RCC.DIVR1Freq_Value=100000000
RCC.DIVR2=8
RCC.DIVR2Freq_Value=50000000
RCC.DIVR3=24
RCC.DIVR3Freq_Value=16000000
RCC.EnableCSSLSE=false
RCC.EnbaleCSS=true
RCC.FDCANFreq_Value=100000000
RCC.FMCFreq_Value=100000000
RCC.FamilyName=M
RCC.HCLK3ClockFreq_Value=100000000
RCC.HCLKFreq_Value=100000000
RCC.HPRE=RCC_HCLK_DIV2
RCC.HRTIMFreq_Value=100000000
RCC.HSE_VALUE=8000000
RCC.I2C123CLockSelection=RCC_I2C123CLKSOURCE_PLL3
RCC.I2C123Freq_Value=16000000
RCC.I2C4Freq_Value=50000000
RCC.IPParameters=ADCCLockSelection,ADCFreq_Value,AHB12Freq_Value,AHB4Freq_Value,APB1Freq_Value,APB2Freq_Value,APB3Freq_Value,APB4Freq_Value,AXIClockFreq_Value,CECFreq_Value,CKPERFreq_Value,CortexFreq_Value,CpuClockFreq_Value,D1CPRE,D1CPREFreq_Value,D1PPRE,D2PPRE1,D2PPRE2,D3PPRE,DFSDMACLkFreq_Value,DFSDMFreq_Value,DIVM1,DIVM2,DIVM3,DIVN1,DIVN2,DIVN3,DIVP1,DIVP1Freq_Value,DIVP2,DIVP2Freq_Value,DIVP3,DIVP3Freq_Value,DIVQ1,DIVQ1Freq_Value,DIVQ2,DIVQ2Freq_Value,DIVQ3,DIVQ3Freq_Value,DIVR1,DIVR1Freq_Value,DIVR2,DIVR2Freq_Value,DIVR3,DIVR3Freq_Value,EnableCSSLSE,EnbaleCSS,FDCANFreq_Value,FMCFreq_Value,FamilyName,HCLK3ClockFreq_Value,HCLKFreq_Value,HPRE,HRTIMFreq_Value,HSE_VALUE,I2C123CLockSelection,I2C123Freq_Value,I2C4Freq_Value,LPTIM1Freq_Value,LPTIM2Freq_Value,LPTIM345Freq_Value,LPUART1Freq_Value,LSE_Drive_Capability,LTDCFreq_Value,MCO1PinFreq_Value,MCO2PinFreq_Value,PLL1_VCI_Range-AdvancedSettings,PLL1_VCO_SEL-AdvancedSettings,PLL2FRACN,PLL2_VCI_Range-AdvancedSettings,PLL2_VCO_SEL-AdvancedSettings,PLL3FRACN,PLL3_VCI_Range-AdvancedSettings,PLL3_VCO_SEL-AdvancedSettings,PLLFRACN,PLLSourceVirtual,PWR_Regulator_Voltage_Scale,QSPIFreq_Value,RCC_TIM_PRescaler_Selection,RNGFreq_Value,RTCClockSelection,RTCFreq_Value,SAI1Freq_Value,SAI23Freq_Value,SAI4AFreq_Value,SAI4BFreq_Value,SDMMC1CLockSelection,SDMMCFreq_Value,SPDIFRXFreq_Value,SPI123CLockSelection,SPI123Freq_Value,SPI45Freq_Value,SPI6Freq_Value,SWPMI1Freq_Value,SYSCLKFreq_VALUE,SYSCLKSource,SupplySource,Tim1OutputFreq_Value,Tim2OutputFreq_Value,TraceFreq_Value,USART16CLockSelection,USART16Freq_Value,USART234578CLockSelection,USART234578Freq_Value,USBCLockSelection,USBFreq_Value,VCO1OutputFreq_Value,VCO2OutputFreq_Value,VCO3OutputFreq_Value,VCOInput1Freq_Value,VCOInput2Freq_Value,VCOInput3Freq_Value
RCC.LPTIM1Freq_Value=50000000
RCC.LPTIM2Freq_Value=50000000
RCC.LPTIM345Freq_Value=50000000
RCC.LPUART1Freq_Value=50000000
RCC.LSE_Drive_Capability=RCC_LSEDRIVE_LOW
RCC.LTDCFreq_Value=16000000
RCC.MCO1PinFreq_Value=64000000
RCC.MCO2PinFreq_Value=200000000
RCC.PLL1_VCI_Range-AdvancedSettings=RCC_PLL1VCIRANGE_2
RCC.PLL1_VCO_SEL-AdvancedSettings=RCC_PLL1VCOWIDE
RCC.PLL2FRACN=0
RCC.PLL2_VCI_Range-AdvancedSettings=RCC_PLL2VCIRANGE_2
RCC.PLL2_VCO_SEL-AdvancedSettings=RCC_PLL2VCOWIDE
RCC.PLL3FRACN=0
RCC.PLL3_VCI_Range-AdvancedSettings=RCC_PLL3VCIRANGE_2
RCC.PLL3_VCO_SEL-AdvancedSettings=RCC_PLL3VCOWIDE
RCC.PLLFRACN=0
RCC.PLLSourceVirtual=RCC_PLLSOURCE_HSE
RCC.PWR_Regulator_Voltage_Scale=PWR_REGULATOR_VOLTAGE_SCALE2
RCC.QSPIFreq_Value=100000000
RCC.RCC_TIM_PRescaler_Selection=RCC_TIMPRES_DESACTIVATED
RCC.RNGFreq_Value=48000000
RCC.RTCClockSelection=RCC_RTCCLKSOURCE_LSE
RCC.RTCFreq_Value=32768
RCC.SAI1Freq_Value=100000000
RCC.SAI23Freq_Value=100000000
RCC.SAI4AFreq_Value=100000000
RCC.SAI4BFreq_Value=100000000
RCC.SDMMC1CLockSelection=RCC_SDMMCCLKSOURCE_PLL2
RCC.SDMMCFreq_Value=50000000
RCC.SPDIFRXFreq_Value=100000000
RCC.SPI123CLockSelection=RCC_SPI123CLKSOURCE_PLL2
RCC.SPI123Freq_Value=50000000
RCC.SPI45Freq_Value=50000000
RCC.SPI6Freq_Value=50000000
RCC.SWPMI1Freq_Value=50000000
RCC.SYSCLKFreq_VALUE=200000000
RCC.SYSCLKSource=RCC_SYSCLKSOURCE_PLLCLK
RCC.SupplySource=PWR_LDO_SUPPLY
RCC.Tim1OutputFreq_Value=100000000
RCC.Tim2OutputFreq_Value=100000000
RCC.TraceFreq_Value=100000000
RCC.USART16CLockSelection=RCC_USART16CLKSOURCE_PLL2
RCC.USART16Freq_Value=50000000
RCC.USART234578CLockSelection=RCC_USART234578CLKSOURCE_PLL2
RCC.USART234578Freq_Value=50000000
RCC.USBCLockSelection=RCC_USBCLKSOURCE_PLL3
RCC.USBFreq_Value=48000000
RCC.VCO1OutputFreq_Value=400000000
RCC.VCO2OutputFreq_Value=400000000
RCC.VCO3OutputFreq_Value=384000000
RCC.VCOInput1Freq_Value=4000000
RCC.VCOInput2Freq_Value=4000000
RCC.VCOInput3Freq_Value=4000000
RTC.AsynchPrediv=127
RTC.HourFormat=RTC_HOURFORMAT_24
RTC.IPParameters=HourFormat,AsynchPrediv,SynchPrediv
RTC.SynchPrediv=255
SDMMC1.ClockDiv=1
SDMMC1.ClockEdge=SDMMC_CLOCK_EDGE_RISING
SDMMC1.ClockPowerSave=SDMMC_CLOCK_POWER_SAVE_DISABLE
SDMMC1.HardwareFlowControl=SDMMC_HARDWARE_FLOW_CONTROL_ENABLE
SDMMC1.IPParameters=ClockEdge,ClockPowerSave,ClockDiv,HardwareFlowControl,TransceiverPresent
SDMMC1.TransceiverPresent=SDMMC_TRANSCEIVER_NOT_PRESENT
SH.ADCx_INP10.0=ADC1_INP10,IN10-Single-Ended
SH.ADCx_INP10.ConfNb=1
SH.ADCx_INP11.0=ADC1_INP11,IN11-Single-Ended
SH.ADCx_INP11.ConfNb=1
SH.ADCx_INP14.0=ADC1_INP14,IN14-Single-Ended
SH.ADCx_INP14.ConfNb=1
SH.ADCx_INP15.0=ADC1_INP15,IN15-Single-Ended
SH.ADCx_INP15.ConfNb=1
SH.ADCx_INP18.0=ADC1_INP18,IN18-Single-Ended
SH.ADCx_INP18.ConfNb=1
SH.ADCx_INP3.0=ADC1_INP3,IN3-Single-Ended
SH.ADCx_INP3.ConfNb=1
SH.ADCx_INP4.0=ADC1_INP4,IN4-Single-Ended
SH.ADCx_INP4.ConfNb=1
SH.GPXTI0.0=GPIO_EXTI0
SH.GPXTI0.ConfNb=1
SH.GPXTI1.0=GPIO_EXTI1
SH.GPXTI1.ConfNb=1
SH.GPXTI12.0=GPIO_EXTI12
SH.GPXTI12.ConfNb=1
SH.GPXTI2.0=GPIO_EXTI2
SH.GPXTI2.ConfNb=1
SH.GPXTI3.0=GPIO_EXTI3
SH.GPXTI3.ConfNb=1
SH.GPXTI9.0=GPIO_EXTI9
SH.GPXTI9.ConfNb=1
SH.S_TIM15_CH1.0=TIM15_CH1,PWM Generation1 CH1
SH.S_TIM15_CH1.ConfNb=1
SH.S_TIM15_CH2.0=TIM15_CH2,PWM Generation2 CH2
SH.S_TIM15_CH2.ConfNb=1
SH.S_TIM1_CH1.0=TIM1_CH1,PWM Generation1 CH1
SH.S_TIM1_CH1.ConfNb=1
SH.S_TIM1_CH2.0=TIM1_CH2,PWM Generation2 CH2
SH.S_TIM1_CH2.ConfNb=1
SH.S_TIM1_CH3.0=TIM1_CH3,PWM Generation3 CH3
SH.S_TIM1_CH3.ConfNb=1
SH.S_TIM1_CH4.0=TIM1_CH4,PWM Generation4 CH4
SH.S_TIM1_CH4.ConfNb=1
SH.S_TIM2_CH1_ETR.0=TIM2_CH1,Input_Capture1_from_TI1
SH.S_TIM2_CH1_ETR.ConfNb=1
SH.S_TIM3_CH1.0=TIM3_CH1,PWM Generation1 CH1
SH.S_TIM3_CH1.ConfNb=1
SH.S_TIM3_CH2.0=TIM3_CH2,PWM Generation2 CH2
SH.S_TIM3_CH2.ConfNb=1
SH.S_TIM3_CH3.0=TIM3_CH3,PWM Generation3 CH3
SH.S_TIM3_CH3.ConfNb=1
SH.S_TIM3_CH4.0=TIM3_CH4,PWM Generation4 CH4
SH.S_TIM3_CH4.ConfNb=1
SH.S_TIM4_CH1.0=TIM4_CH1,PWM Generation1 CH1
SH.S_TIM4_CH1.ConfNb=1
SH.S_TIM4_CH2.0=TIM4_CH2,PWM Generation2 CH2
SH.S_TIM4_CH2.ConfNb=1
SH.S_TIM4_CH3.0=TIM4_CH3,PWM Generation3 CH3
SH.S_TIM4_CH3.ConfNb=1
SPI2.BaudRatePrescaler=SPI_BAUDRATEPRESCALER_16
SPI2.CLKPhase=SPI_PHASE_2EDGE
SPI2.CLKPolarity=SPI_POLARITY_HIGH
SPI2.CRCCalculation=SPI_CRCCALCULATION_DISABLE
SPI2.CalculateBaudRate=3.125 MBits/s
SPI2.DataSize=SPI_DATASIZE_8BIT
SPI2.Direction=SPI_DIRECTION_2LINES
SPI2.FifoThreshold=SPI_FIFO_THRESHOLD_01DATA
SPI2.IPParameters=VirtualType,Mode,Direction,CalculateBaudRate,CLKPolarity,CLKPhase,DataSize,BaudRatePrescaler,FifoThreshold,NSS,NSSPMode,CRCCalculation
SPI2.Mode=SPI_MODE_MASTER
SPI2.NSS=SPI_NSS_SOFT
SPI2.NSSPMode=SPI_NSS_PULSE_DISABLE
SPI2.VirtualType=VM_MASTER
SPI3.BaudRatePrescaler=SPI_BAUDRATEPRESCALER_16
SPI3.CLKPhase=SPI_PHASE_2EDGE
SPI3.CLKPolarity=SPI_POLARITY_HIGH
SPI3.CRCCalculation=SPI_CRCCALCULATION_DISABLE
SPI3.CalculateBaudRate=3.125 MBits/s
SPI3.DataSize=SPI_DATASIZE_8BIT
SPI3.Direction=SPI_DIRECTION_2LINES
SPI3.FifoThreshold=SPI_FIFO_THRESHOLD_01DATA
SPI3.IPParameters=VirtualType,Mode,Direction,CalculateBaudRate,CLKPolarity,CLKPhase,DataSize,BaudRatePrescaler,FifoThreshold,NSS,NSSPMode,CRCCalculation
SPI3.Mode=SPI_MODE_MASTER
SPI3.NSS=SPI_NSS_SOFT
SPI3.NSSPMode=SPI_NSS_PULSE_DISABLE
SPI3.VirtualType=VM_MASTER
TIM1.AutoReloadPreload=TIM_AUTORELOAD_PRELOAD_ENABLE
TIM1.Channel-PWM\ Generation1\ CH1=TIM_CHANNEL_1
TIM1.Channel-PWM\ Generation2\ CH2=TIM_CHANNEL_2
TIM1.Channel-PWM\ Generation3\ CH3=TIM_CHANNEL_3
TIM1.Channel-PWM\ Generation4\ CH4=TIM_CHANNEL_4
TIM1.IPParameters=Channel-PWM Generation1 CH1,Channel-PWM Generation2 CH2,Channel-PWM Generation3 CH3,Channel-PWM Generation4 CH4,Prescaler,AutoReloadPreload,Period
TIM1.Period=19999
TIM1.Prescaler=99
TIM15.AutoReloadPreload=TIM_AUTORELOAD_PRELOAD_ENABLE
TIM15.Channel-PWM\ Generation1\ CH1=TIM_CHANNEL_1
TIM15.Channel-PWM\ Generation2\ CH2=TIM_CHANNEL_2
TIM15.IPParameters=Channel-PWM Generation1 CH1,Channel-PWM Generation2 CH2,Prescaler,Period,AutoReloadPreload,Pulse
TIM15.Period=249
TIM15.Prescaler=99
TIM15.Pulse=125
TIM2.Channel-Input_Capture1_from_TI1=TIM_CHANNEL_1
TIM2.ICFilter_CH1=4
TIM2.IPParameters=Channel-Input_Capture1_from_TI1,Prescaler,Period,ICFilter_CH1
TIM2.Period=0xFFFFFFFF
TIM2.Prescaler=99
TIM3.AutoReloadPreload=TIM_AUTORELOAD_PRELOAD_ENABLE
TIM3.Channel-PWM\ Generation1\ CH1=TIM_CHANNEL_1
TIM3.Channel-PWM\ Generation2\ CH2=TIM_CHANNEL_2
TIM3.Channel-PWM\ Generation3\ CH3=TIM_CHANNEL_3
TIM3.Channel-PWM\ Generation4\ CH4=TIM_CHANNEL_4
TIM3.IPParameters=Channel-PWM Generation1 CH1,Channel-PWM Generation2 CH2,Channel-PWM Generation4 CH4,Channel-PWM Generation3 CH3,Prescaler,Period,AutoReloadPreload
TIM3.Period=19999
TIM3.Prescaler=99
TIM4.AutoReloadPreload=TIM_AUTORELOAD_PRELOAD_ENABLE
TIM4.Channel-PWM\ Generation1\ CH1=TIM_CHANNEL_1
TIM4.Channel-PWM\ Generation2\ CH2=TIM_CHANNEL_2
TIM4.Channel-PWM\ Generation3\ CH3=TIM_CHANNEL_3
TIM4.IPParameters=Channel-PWM Generation1 CH1,Channel-PWM Generation2 CH2,Channel-PWM Generation3 CH3,Prescaler,Period,AutoReloadPreload
TIM4.Period=999
TIM4.Prescaler=99
TIM5.IPParameters=Prescaler,Period
TIM5.Period=0xFFFFFFFF
TIM5.Prescaler=99
TIM6.AutoReloadPreload=TIM_AUTORELOAD_PRELOAD_DISABLE
TIM6.IPParameters=Prescaler,Period,AutoReloadPreload
TIM6.Period=65535
TIM6.Prescaler=99
UART4.BaudRate=115200
UART4.ClockPrescaler=PRESCALER_DIV1
UART4.FIFOMode=FIFOMODE_ENABLE
UART4.IPParameters=BaudRate,WordLength,Parity,StopBits,Mode,OverSampling,OneBitSampling,ClockPrescaler,FIFOMode,TXFIFOThreshold,RXFIFOThreshold
UART4.Mode=MODE_TX_RX
UART4.OneBitSampling=UART_ONE_BIT_SAMPLE_DISABLE
UART4.OverSampling=UART_OVERSAMPLING_16
UART4.Parity=PARITY_NONE
UART4.RXFIFOThreshold=RXFIFO_THRESHOLD_1EIGHTHFULL
UART4.StopBits=UART_STOPBITS_1
UART4.TXFIFOThreshold=TXFIFO_THRESHOLD_1EIGHTHFULL
UART4.WordLength=WORDLENGTH_8B
USART1.BaudRate=38400
USART1.ClockPrescaler=PRESCALER_DIV1
USART1.FIFOMode=FIFOMODE_ENABLE
USART1.IPParameters=VirtualMode-Asynchronous,BaudRate,WordLength,Parity,StopBits,Mode,OverSampling,OneBitSampling,ClockPrescaler,FIFOMode,TXFIFOThreshold,RXFIFOThreshold
USART1.Mode=MODE_TX_RX
USART1.OneBitSampling=UART_ONE_BIT_SAMPLE_DISABLE
USART1.OverSampling=UART_OVERSAMPLING_16
USART1.Parity=PARITY_NONE
USART1.RXFIFOThreshold=RXFIFO_THRESHOLD_1EIGHTHFULL
USART1.StopBits=STOPBITS_1
USART1.TXFIFOThreshold=TXFIFO_THRESHOLD_1EIGHTHFULL
USART1.VirtualMode-Asynchronous=VM_ASYNC
USART1.WordLength=WORDLENGTH_8B
USART3.BaudRate=115200
USART3.ClockPrescaler=PRESCALER_DIV1
USART3.FIFOMode=FIFOMODE_ENABLE
USART3.IPParameters=VirtualMode-Asynchronous,BaudRate,WordLength,Parity,StopBits,Mode,OverSampling,OneBitSampling,ClockPrescaler,FIFOMode,TXFIFOThreshold,RXFIFOThreshold
USART3.Mode=MODE_TX_RX
USART3.OneBitSampling=UART_ONE_BIT_SAMPLE_DISABLE
USART3.OverSampling=UART_OVERSAMPLING_16
USART3.Parity=PARITY_NONE
USART3.RXFIFOThreshold=RXFIFO_THRESHOLD_1EIGHTHFULL
USART3.StopBits=STOPBITS_1
USART3.TXFIFOThreshold=TXFIFO_THRESHOLD_1EIGHTHFULL
USART3.VirtualMode-Asynchronous=VM_ASYNC
USART3.WordLength=WORDLENGTH_8B
USART6.BaudRate=115200
USART6.ClockPrescaler=PRESCALER_DIV1
USART6.FIFOMode=FIFOMODE_ENABLE
USART6.IPParameters=VirtualMode-Asynchronous,BaudRate,WordLength,Parity,StopBits,Mode,OverSampling,OneBitSampling,ClockPrescaler,FIFOMode,TXFIFOThreshold,RXFIFOThreshold
USART6.Mode=MODE_TX_RX
USART6.OneBitSampling=UART_ONE_BIT_SAMPLE_DISABLE
USART6.OverSampling=UART_OVERSAMPLING_16
USART6.Parity=PARITY_NONE
USART6.RXFIFOThreshold=RXFIFO_THRESHOLD_1EIGHTHFULL
USART6.StopBits=STOPBITS_1
USART6.TXFIFOThreshold=TXFIFO_THRESHOLD_1EIGHTHFULL
USART6.VirtualMode-Asynchronous=VM_ASYNC
USART6.WordLength=WORDLENGTH_8B
USB_DEVICE.CLASS_NAME_FS=CDC
USB_DEVICE.IPParameters=VirtualMode,VirtualModeFS,CLASS_NAME_FS,VirtualMode-CDC_FS
USB_DEVICE.VirtualMode=Cdc
USB_DEVICE.VirtualMode-CDC_FS=Cdc
USB_DEVICE.VirtualModeFS=Cdc_FS
USB_OTG_FS.IPParameters=VirtualMode,battery_charging_enable,dma_enable,low_power_enable,lpm_enable,use_dedicated_ep1,vbus_sensing_enable,Sof_enable
USB_OTG_FS.Sof_enable=DISABLE
USB_OTG_FS.VirtualMode=Device_Only
USB_OTG_FS.battery_charging_enable=DISABLE
USB_OTG_FS.dma_enable=DISABLE
USB_OTG_FS.low_power_enable=DISABLE
USB_OTG_FS.lpm_enable=DISABLE
USB_OTG_FS.use_dedicated_ep1=DISABLE
USB_OTG_FS.vbus_sensing_enable=DISABLE
VP_ADC3_TempSens_Input.Mode=IN-TempSens
VP_ADC3_TempSens_Input.Signal=ADC3_TempSens_Input
VP_ADC3_Vref_Input.Mode=IN-Vrefint
VP_ADC3_Vref_Input.Signal=ADC3_Vref_Input
VP_FATFS_VS_SDIO.Mode=SDIO
VP_FATFS_VS_SDIO.Signal=FATFS_VS_SDIO
VP_IWDG1_VS_IWDG.Mode=IWDG_Activate
VP_IWDG1_VS_IWDG.Signal=IWDG1_VS_IWDG
VP_MEMORYMAP_VS_MEMORYMAP.Mode=CurAppReg
VP_MEMORYMAP_VS_MEMORYMAP.Signal=MEMORYMAP_VS_MEMORYMAP
VP_PWR_V_PVD_IN.Mode=Mode_PVD_Int
VP_PWR_V_PVD_IN.Signal=PWR_V_PVD_IN
VP_RAMECC_VS_D1_1.Mode=RAMECC1_Monitor1
VP_RAMECC_VS_D1_1.Signal=RAMECC_VS_D1_1
VP_RAMECC_VS_D1_4.Mode=RAMECC1_Monitor4
VP_RAMECC_VS_D1_4.Signal=RAMECC_VS_D1_4
VP_RAMECC_VS_D2_1.Mode=RAMECC2_Monitor1
VP_RAMECC_VS_D2_1.Signal=RAMECC_VS_D2_1
VP_RAMECC_VS_D3_1.Mode=RAMECC3_Monitor1
VP_RAMECC_VS_D3_1.Signal=RAMECC_VS_D3_1
VP_RTC_VS_RTC_Activate.Mode=RTC_Enabled
VP_RTC_VS_RTC_Activate.Signal=RTC_VS_RTC_Activate
VP_SYS_VS_Systick.Mode=SysTick
VP_SYS_VS_Systick.Signal=SYS_VS_Systick
VP_TIM15_VS_ClockSourceINT.Mode=Internal
VP_TIM15_VS_ClockSourceINT.Signal=TIM15_VS_ClockSourceINT
VP_TIM1_VS_ClockSourceINT.Mode=Internal
VP_TIM1_VS_ClockSourceINT.Signal=TIM1_VS_ClockSourceINT
VP_TIM2_VS_ClockSourceINT.Mode=Internal
VP_TIM2_VS_ClockSourceINT.Signal=TIM2_VS_ClockSourceINT
VP_TIM3_VS_ClockSourceINT.Mode=Internal
VP_TIM3_VS_ClockSourceINT.Signal=TIM3_VS_ClockSourceINT
VP_TIM4_VS_ClockSourceINT.Mode=Internal
VP_TIM4_VS_ClockSourceINT.Signal=TIM4_VS_ClockSourceINT
VP_TIM5_VS_ClockSourceINT.Mode=Internal
VP_TIM5_VS_ClockSourceINT.Signal=TIM5_VS_ClockSourceINT
VP_TIM6_VS_ClockSourceINT.Mode=Enable_Timer
VP_TIM6_VS_ClockSourceINT.Signal=TIM6_VS_ClockSourceINT
VP_TIM6_VS_OPM.Mode=OPM_bit
VP_TIM6_VS_OPM.Signal=TIM6_VS_OPM
VP_USB_DEVICE_VS_USB_DEVICE_CDC_FS.Mode=CDC_FS
VP_USB_DEVICE_VS_USB_DEVICE_CDC_FS.Signal=USB_DEVICE_VS_USB_DEVICE_CDC_FS
board=custom
